
Microsoft Visual Studio Solution File, Format Version 12.00
# Visual Studio 15
VisualStudioVersion = 15.0.28010.2036
MinimumVisualStudioVersion = 10.0.40219.1
Project("{FAE04EC0-301F-11D3-BF4B-00C04F79EFBC}") = "Test AmarPC", "Test AmarPC\Test AmarPC.csproj", "{537E5AA3-797B-457C-9C78-921681363844}"
EndProject
Global
	GlobalSection(SolutionConfigurationPlatforms) = preSolution
		Debug|Any CPU = Debug|Any CPU
		Release|Any CPU = Release|Any CPU
	EndGlobalSection
	GlobalSection(ProjectConfigurationPlatforms) = postSolution
		{537E5AA3-797B-457C-9C78-921681363844}.Debug|Any CPU.ActiveCfg = Debug|Any CPU
		{537E5AA3-797B-457C-9C78-921681363844}.Debug|Any CPU.Build.0 = Debug|Any CPU
		{537E5AA3-797B-457C-9C78-921681363844}.Release|Any CPU.ActiveCfg = Release|Any CPU
		{537E5AA3-797B-457C-9C78-921681363844}.Release|Any CPU.Build.0 = Release|Any CPU
	EndGlobalSection
	GlobalSection(SolutionProperties) = preSolution
		HideSolutionNode = FALSE
	EndGlobalSection
	GlobalSection(ExtensibilityGlobals) = postSolution
		SolutionGuid = {88321A84-AA41-4A0D-8818-7DC734F3C518}
	EndGlobalSection
EndGlobal
